
Microsoft Visual Studio Solution File, Format Version 12.00
# Visual Studio Version 16
VisualStudioVersion = 16.0.29709.97
MinimumVisualStudioVersion = 10.0.40219.1
Project("{FAE04EC0-301F-11D3-BF4B-00C04F79EFBC}") = "BookAPI", "BookAPI\BookAPI.csproj", "{241C31D5-DA52-42D8-82FE-3987C800FED6}"
EndProject
Global
	GlobalSection(SolutionConfigurationPlatforms) = preSolution
		Debug|Any CPU = Debug|Any CPU
		Release|Any CPU = Release|Any CPU
	EndGlobalSection
	GlobalSection(ProjectConfigurationPlatforms) = postSolution
		{241C31D5-DA52-42D8-82FE-3987C800FED6}.Debug|Any CPU.ActiveCfg = Debug|Any CPU
		{241C31D5-DA52-42D8-82FE-3987C800FED6}.Debug|Any CPU.Build.0 = Debug|Any CPU
		{241C31D5-DA52-42D8-82FE-3987C800FED6}.Release|Any CPU.ActiveCfg = Release|Any CPU
		{241C31D5-DA52-42D8-82FE-3987C800FED6}.Release|Any CPU.Build.0 = Release|Any CPU
	EndGlobalSection
	GlobalSection(SolutionProperties) = preSolution
		HideSolutionNode = FALSE
	EndGlobalSection
	GlobalSection(ExtensibilityGlobals) = postSolution
		SolutionGuid = {937D4D77-357C-4F2F-B5F6-E59113D5F2B1}
	EndGlobalSection
EndGlobal
